
Microsoft Visual Studio Solution File, Format Version 12.00
# Visual Studio Version 17
VisualStudioVersion = 17.8.34511.84
MinimumVisualStudioVersion = 10.0.40219.1
Project("{9A19103F-16F7-4668-BE54-9A1E7A4F7556}") = "ReactiveMicroService.OrderService.API", "ReactiveMicroService.OrderService.API\ReactiveMicroService.OrderService.API.csproj", "{D7F1F437-7178-4205-8FEA-E3A55ABEDA34}"
EndProject
Project("{9A19103F-16F7-4668-BE54-9A1E7A4F7556}") = "ReactiveMicroService.ShipmentService.API", "ReactiveMicroService.ShipmentService.API\ReactiveMicroService.ShipmentService.API.csproj", "{DC57DC15-B659-40FF-AEAC-4435ADE5F59B}"
EndProject
Project("{9A19103F-16F7-4668-BE54-9A1E7A4F7556}") = "ReactiveMicroService.ReportService.API", "ReactiveMicroService.ReportService.API\ReactiveMicroService.ReportService.API.csproj", "{EAEBE806-4622-4333-97B1-35BA85A3DC5F}"
EndProject
Project("{2150E333-8FDC-42A3-9474-1A3956D46DE8}") = "Solution Items", "Solution Items", "{1DEB91F2-D754-4FD1-9507-F7543DE2E140}"
	ProjectSection(SolutionItems) = preProject
		.dockerignore = .dockerignore
		docker-compose.yml = docker-compose.yml
		ReactiveMicroService.OrderService.API\Dockerfile = ReactiveMicroService.OrderService.API\Dockerfile
	EndProjectSection
EndProject
Project("{9A19103F-16F7-4668-BE54-9A1E7A4F7556}") = "ReactiveMicroService.Entity", "ReactiveMicroService.Entity\ReactiveMicroService.Entity.csproj", "{ECB4433C-AB8E-44B2-90DC-8103DC6F4201}"
EndProject
Project("{9A19103F-16F7-4668-BE54-9A1E7A4F7556}") = "ReactiveMicroService.CustomerService.API", "ReactiveMicroService.CustomerService.API\ReactiveMicroService.CustomerService.API.csproj", "{D96412A4-3D57-4B2E-917A-AD8C1EB596CA}"
EndProject
Project("{FAE04EC0-301F-11D3-BF4B-00C04F79EFBC}") = "ReactiveMicroService.CustomerService.Web", "ReactiveMicroService.CustomerService.Web\ReactiveMicroService.CustomerService.Web.csproj", "{F885B2C3-DCB4-4215-9B88-AB2DF74EC64E}"
EndProject
Global
	GlobalSection(SolutionConfigurationPlatforms) = preSolution
		Debug|Any CPU = Debug|Any CPU
		Release|Any CPU = Release|Any CPU
	EndGlobalSection
	GlobalSection(ProjectConfigurationPlatforms) = postSolution
		{D7F1F437-7178-4205-8FEA-E3A55ABEDA34}.Debug|Any CPU.ActiveCfg = Debug|Any CPU
		{D7F1F437-7178-4205-8FEA-E3A55ABEDA34}.Debug|Any CPU.Build.0 = Debug|Any CPU
		{D7F1F437-7178-4205-8FEA-E3A55ABEDA34}.Release|Any CPU.ActiveCfg = Release|Any CPU
		{D7F1F437-7178-4205-8FEA-E3A55ABEDA34}.Release|Any CPU.Build.0 = Release|Any CPU
		{DC57DC15-B659-40FF-AEAC-4435ADE5F59B}.Debug|Any CPU.ActiveCfg = Debug|Any CPU
		{DC57DC15-B659-40FF-AEAC-4435ADE5F59B}.Debug|Any CPU.Build.0 = Debug|Any CPU
		{DC57DC15-B659-40FF-AEAC-4435ADE5F59B}.Release|Any CPU.ActiveCfg = Release|Any CPU
		{DC57DC15-B659-40FF-AEAC-4435ADE5F59B}.Release|Any CPU.Build.0 = Release|Any CPU
		{EAEBE806-4622-4333-97B1-35BA85A3DC5F}.Debug|Any CPU.ActiveCfg = Debug|Any CPU
		{EAEBE806-4622-4333-97B1-35BA85A3DC5F}.Debug|Any CPU.Build.0 = Debug|Any CPU
		{EAEBE806-4622-4333-97B1-35BA85A3DC5F}.Release|Any CPU.ActiveCfg = Release|Any CPU
		{EAEBE806-4622-4333-97B1-35BA85A3DC5F}.Release|Any CPU.Build.0 = Release|Any CPU
		{ECB4433C-AB8E-44B2-90DC-8103DC6F4201}.Debug|Any CPU.ActiveCfg = Debug|Any CPU
		{ECB4433C-AB8E-44B2-90DC-8103DC6F4201}.Debug|Any CPU.Build.0 = Debug|Any CPU
		{ECB4433C-AB8E-44B2-90DC-8103DC6F4201}.Release|Any CPU.ActiveCfg = Release|Any CPU
		{ECB4433C-AB8E-44B2-90DC-8103DC6F4201}.Release|Any CPU.Build.0 = Release|Any CPU
		{D96412A4-3D57-4B2E-917A-AD8C1EB596CA}.Debug|Any CPU.ActiveCfg = Debug|Any CPU
		{D96412A4-3D57-4B2E-917A-AD8C1EB596CA}.Debug|Any CPU.Build.0 = Debug|Any CPU
		{D96412A4-3D57-4B2E-917A-AD8C1EB596CA}.Release|Any CPU.ActiveCfg = Release|Any CPU
		{D96412A4-3D57-4B2E-917A-AD8C1EB596CA}.Release|Any CPU.Build.0 = Release|Any CPU
		{F885B2C3-DCB4-4215-9B88-AB2DF74EC64E}.Debug|Any CPU.ActiveCfg = Debug|Any CPU
		{F885B2C3-DCB4-4215-9B88-AB2DF74EC64E}.Debug|Any CPU.Build.0 = Debug|Any CPU
		{F885B2C3-DCB4-4215-9B88-AB2DF74EC64E}.Release|Any CPU.ActiveCfg = Release|Any CPU
		{F885B2C3-DCB4-4215-9B88-AB2DF74EC64E}.Release|Any CPU.Build.0 = Release|Any CPU
	EndGlobalSection
	GlobalSection(SolutionProperties) = preSolution
		HideSolutionNode = FALSE
	EndGlobalSection
	GlobalSection(ExtensibilityGlobals) = postSolution
		SolutionGuid = {E3057476-7D6B-4917-9D93-C4C7E50F2D34}
	EndGlobalSection
EndGlobal
